// !$*UTF8*$!
{
	archiveVersion = 1;
	classes = {
	};
	objectVersion = 48;
	objects = {

/* Begin PBXBuildFile section */
		9C029EDF1FBBAE0F00E84A54 /* DettaglioArticoloVC.swift in Sources */ = {isa = PBXBuildFile; fileRef = 9C029EDE1FBBAE0F00E84A54 /* DettaglioArticoloVC.swift */; };
		9C24832D1FAAEBA100095605 /* NothingFoundCell.swift in Sources */ = {isa = PBXBuildFile; fileRef = 9C24832C1FAAEBA100095605 /* NothingFoundCell.swift */; };
		9C3532F91FCB64BD0082A020 /* IncassiVC.swift in Sources */ = {isa = PBXBuildFile; fileRef = 9C3532F81FCB64BD0082A020 /* IncassiVC.swift */; };
		9C4501CB1FA64E1300DD563C /* CalendarWeakCell.swift in Sources */ = {isa = PBXBuildFile; fileRef = 9C4501CA1FA64E1300DD563C /* CalendarWeakCell.swift */; };
		9C86CDD21FD20289004B1788 /* IncassiSVC.swift in Sources */ = {isa = PBXBuildFile; fileRef = 9C86CDD11FD20289004B1788 /* IncassiSVC.swift */; };
		9C8C6B0C1FB39B6E00DC9C4F /* RigheOrdineCell.xib in Resources */ = {isa = PBXBuildFile; fileRef = 9C8C6B0B1FB39B6E00DC9C4F /* RigheOrdineCell.xib */; };
		9C8C6B0E1FB39C3600DC9C4F /* RigheOrdineCell.swift in Sources */ = {isa = PBXBuildFile; fileRef = 9C8C6B0D1FB39C3600DC9C4F /* RigheOrdineCell.swift */; };
		9CAAD5AB1FD0AA1700EDE129 /* AreeVC.swift in Sources */ = {isa = PBXBuildFile; fileRef = 9CAAD5AA1FD0AA1700EDE129 /* AreeVC.swift */; };
		9CAC069F1F97DB0400605105 /* AppDelegate.swift in Sources */ = {isa = PBXBuildFile; fileRef = 9CAC069E1F97DB0400605105 /* AppDelegate.swift */; };
		9CAC06A41F97DB0400605105 /* Main.storyboard in Resources */ = {isa = PBXBuildFile; fileRef = 9CAC06A21F97DB0400605105 /* Main.storyboard */; };
		9CAC06A61F97DB0400605105 /* Assets.xcassets in Resources */ = {isa = PBXBuildFile; fileRef = 9CAC06A51F97DB0400605105 /* Assets.xcassets */; };
		9CAC06A91F97DB0400605105 /* LaunchScreen.storyboard in Resources */ = {isa = PBXBuildFile; fileRef = 9CAC06A71F97DB0400605105 /* LaunchScreen.storyboard */; };
		9CAC06B11F97E02900605105 /* DataModel.swift in Sources */ = {isa = PBXBuildFile; fileRef = 9CAC06B01F97E02900605105 /* DataModel.swift */; };
		9CAC06B51F97F06B00605105 /* CalendarDayCell.swift in Sources */ = {isa = PBXBuildFile; fileRef = 9CAC06B41F97F06B00605105 /* CalendarDayCell.swift */; };
		9CE4F9221F9D3FC800C731FB /* TotaleOrdiniCell.xib in Resources */ = {isa = PBXBuildFile; fileRef = 9CE4F9211F9D3FC800C731FB /* TotaleOrdiniCell.xib */; };
		9CE4F9241F9D3FF000C731FB /* TotaleOrdiniCell.swift in Sources */ = {isa = PBXBuildFile; fileRef = 9CE4F9231F9D3FF000C731FB /* TotaleOrdiniCell.swift */; };
		9CE4F9261F9D409800C731FB /* NothingFoundCell.xib in Resources */ = {isa = PBXBuildFile; fileRef = 9CE4F9251F9D409800C731FB /* NothingFoundCell.xib */; };
		9CE4F9281F9D40A700C731FB /* LoadingCell.xib in Resources */ = {isa = PBXBuildFile; fileRef = 9CE4F9271F9D40A700C731FB /* LoadingCell.xib */; };
		C951299E1FB2FD2E00867B00 /* ElencoOrdiniCell.xib in Resources */ = {isa = PBXBuildFile; fileRef = C951299D1FB2FD2E00867B00 /* ElencoOrdiniCell.xib */; };
		C95129A01FB2FD6400867B00 /* ElencoOrdiniCell.swift in Sources */ = {isa = PBXBuildFile; fileRef = C951299F1FB2FD6400867B00 /* ElencoOrdiniCell.swift */; };
		C979DEA31FB3382300BCD1AB /* TotaleOrdiniVC.swift in Sources */ = {isa = PBXBuildFile; fileRef = C979DEA21FB3382300BCD1AB /* TotaleOrdiniVC.swift */; };
		C979DEA81FB33E8A00BCD1AB /* RigheOrdineVC.swift in Sources */ = {isa = PBXBuildFile; fileRef = C979DEA71FB33E8A00BCD1AB /* RigheOrdineVC.swift */; };
		C9B1C1A31F9F611D000FAEC7 /* ElencoOrdiniVC.swift in Sources */ = {isa = PBXBuildFile; fileRef = C9B1C1A21F9F611D000FAEC7 /* ElencoOrdiniVC.swift */; };
		C9DD75411FA7D5260072E798 /* CalendarMonthCell.swift in Sources */ = {isa = PBXBuildFile; fileRef = C9DD75401FA7D5260072E798 /* CalendarMonthCell.swift */; };
/* End PBXBuildFile section */

/* Begin PBXFileReference section */
		259065E4E79269F2DF2CD09E /* Pods-SMb2b.debug.xcconfig */ = {isa = PBXFileReference; includeInIndex = 1; lastKnownFileType = text.xcconfig; name = "Pods-SMb2b.debug.xcconfig"; path = "Pods/Target Support Files/Pods-SMb2b/Pods-SMb2b.debug.xcconfig"; sourceTree = "<group>"; };
		55CA7B8F41DBDDDBC2617B68 /* Pods-SMb2b.release.xcconfig */ = {isa = PBXFileReference; includeInIndex = 1; lastKnownFileType = text.xcconfig; name = "Pods-SMb2b.release.xcconfig"; path = "Pods/Target Support Files/Pods-SMb2b/Pods-SMb2b.release.xcconfig"; sourceTree = "<group>"; };
		9C029EDE1FBBAE0F00E84A54 /* DettaglioArticoloVC.swift */ = {isa = PBXFileReference; lastKnownFileType = sourcecode.swift; path = DettaglioArticoloVC.swift; sourceTree = "<group>"; };
		9C24832C1FAAEBA100095605 /* NothingFoundCell.swift */ = {isa = PBXFileReference; lastKnownFileType = sourcecode.swift; path = NothingFoundCell.swift; sourceTree = "<group>"; };
		9C3532F81FCB64BD0082A020 /* IncassiVC.swift */ = {isa = PBXFileReference; lastKnownFileType = sourcecode.swift; path = IncassiVC.swift; sourceTree = "<group>"; };
		9C4501CA1FA64E1300DD563C /* CalendarWeakCell.swift */ = {isa = PBXFileReference; lastKnownFileType = sourcecode.swift; path = CalendarWeakCell.swift; sourceTree = "<group>"; };
		9C86CDD11FD20289004B1788 /* IncassiSVC.swift */ = {isa = PBXFileReference; lastKnownFileType = sourcecode.swift; path = IncassiSVC.swift; sourceTree = "<group>"; };
		9C8C6B0B1FB39B6E00DC9C4F /* RigheOrdineCell.xib */ = {isa = PBXFileReference; lastKnownFileType = file.xib; path = RigheOrdineCell.xib; sourceTree = "<group>"; };
		9C8C6B0D1FB39C3600DC9C4F /* RigheOrdineCell.swift */ = {isa = PBXFileReference; lastKnownFileType = sourcecode.swift; path = RigheOrdineCell.swift; sourceTree = "<group>"; };
		9CAAD5AA1FD0AA1700EDE129 /* AreeVC.swift */ = {isa = PBXFileReference; lastKnownFileType = sourcecode.swift; path = AreeVC.swift; sourceTree = "<group>"; };
		9CAC069B1F97DB0400605105 /* SMb2b.app */ = {isa = PBXFileReference; explicitFileType = wrapper.application; includeInIndex = 0; path = SMb2b.app; sourceTree = BUILT_PRODUCTS_DIR; };
		9CAC069E1F97DB0400605105 /* AppDelegate.swift */ = {isa = PBXFileReference; lastKnownFileType = sourcecode.swift; path = AppDelegate.swift; sourceTree = "<group>"; };
		9CAC06A31F97DB0400605105 /* Base */ = {isa = PBXFileReference; lastKnownFileType = file.storyboard; name = Base; path = Base.lproj/Main.storyboard; sourceTree = "<group>"; };
		9CAC06A51F97DB0400605105 /* Assets.xcassets */ = {isa = PBXFileReference; lastKnownFileType = folder.assetcatalog; path = Assets.xcassets; sourceTree = "<group>"; };
		9CAC06A81F97DB0400605105 /* Base */ = {isa = PBXFileReference; lastKnownFileType = file.storyboard; name = Base; path = Base.lproj/LaunchScreen.storyboard; sourceTree = "<group>"; };
		9CAC06AA1F97DB0400605105 /* Info.plist */ = {isa = PBXFileReference; lastKnownFileType = text.plist.xml; path = Info.plist; sourceTree = "<group>"; };
		9CAC06B01F97E02900605105 /* DataModel.swift */ = {isa = PBXFileReference; lastKnownFileType = sourcecode.swift; path = DataModel.swift; sourceTree = "<group>"; };
		9CAC06B41F97F06B00605105 /* CalendarDayCell.swift */ = {isa = PBXFileReference; lastKnownFileType = sourcecode.swift; path = CalendarDayCell.swift; sourceTree = "<group>"; };
		9CE4F9211F9D3FC800C731FB /* TotaleOrdiniCell.xib */ = {isa = PBXFileReference; fileEncoding = 4; lastKnownFileType = file.xib; path = TotaleOrdiniCell.xib; sourceTree = "<group>"; };
		9CE4F9231F9D3FF000C731FB /* TotaleOrdiniCell.swift */ = {isa = PBXFileReference; fileEncoding = 4; lastKnownFileType = sourcecode.swift; path = TotaleOrdiniCell.swift; sourceTree = "<group>"; };
		9CE4F9251F9D409800C731FB /* NothingFoundCell.xib */ = {isa = PBXFileReference; fileEncoding = 4; lastKnownFileType = file.xib; path = NothingFoundCell.xib; sourceTree = "<group>"; };
		9CE4F9271F9D40A700C731FB /* LoadingCell.xib */ = {isa = PBXFileReference; fileEncoding = 4; lastKnownFileType = file.xib; path = LoadingCell.xib; sourceTree = "<group>"; };
		C951299D1FB2FD2E00867B00 /* ElencoOrdiniCell.xib */ = {isa = PBXFileReference; lastKnownFileType = file.xib; path = ElencoOrdiniCell.xib; sourceTree = "<group>"; };
		C951299F1FB2FD6400867B00 /* ElencoOrdiniCell.swift */ = {isa = PBXFileReference; lastKnownFileType = sourcecode.swift; path = ElencoOrdiniCell.swift; sourceTree = "<group>"; };
		C979DEA21FB3382300BCD1AB /* TotaleOrdiniVC.swift */ = {isa = PBXFileReference; fileEncoding = 4; lastKnownFileType = sourcecode.swift; path = TotaleOrdiniVC.swift; sourceTree = "<group>"; };
		C979DEA71FB33E8A00BCD1AB /* RigheOrdineVC.swift */ = {isa = PBXFileReference; fileEncoding = 4; lastKnownFileType = sourcecode.swift; path = RigheOrdineVC.swift; sourceTree = "<group>"; };
		C9B1C1A21F9F611D000FAEC7 /* ElencoOrdiniVC.swift */ = {isa = PBXFileReference; lastKnownFileType = sourcecode.swift; path = ElencoOrdiniVC.swift; sourceTree = "<group>"; };
		C9DD75401FA7D5260072E798 /* CalendarMonthCell.swift */ = {isa = PBXFileReference; lastKnownFileType = sourcecode.swift; path = CalendarMonthCell.swift; sourceTree = "<group>"; };
		D6297F4C43DFE2390076E959 /* Pods_SMb2b.framework */ = {isa = PBXFileReference; explicitFileType = wrapper.framework; includeInIndex = 0; path = Pods_SMb2b.framework; sourceTree = BUILT_PRODUCTS_DIR; };
/* End PBXFileReference section */

/* Begin PBXFrameworksBuildPhase section */
		9CAC06981F97DB0400605105 /* Frameworks */ = {
			isa = PBXFrameworksBuildPhase;
			buildActionMask = 2147483647;
			files = (
			);
			runOnlyForDeploymentPostprocessing = 0;
		};
/* End PBXFrameworksBuildPhase section */

/* Begin PBXGroup section */
		6800AC6DC6B14B6DF292E55B /* Pods */ = {
			isa = PBXGroup;
			children = (
				259065E4E79269F2DF2CD09E /* Pods-SMb2b.debug.xcconfig */,
				55CA7B8F41DBDDDBC2617B68 /* Pods-SMb2b.release.xcconfig */,
			);
			name = Pods;
			sourceTree = "<group>";
		};
		9C0B06DF1FAA616500BEABBF /* Calendario */ = {
			isa = PBXGroup;
			children = (
				9CAC06B41F97F06B00605105 /* CalendarDayCell.swift */,
				9C4501CA1FA64E1300DD563C /* CalendarWeakCell.swift */,
				C9DD75401FA7D5260072E798 /* CalendarMonthCell.swift */,
			);
			path = Calendario;
			sourceTree = "<group>";
		};
		9C3532FA1FCB64C90082A020 /* Incassi */ = {
			isa = PBXGroup;
			children = (
				9C86CDD11FD20289004B1788 /* IncassiSVC.swift */,
				9CAAD5AA1FD0AA1700EDE129 /* AreeVC.swift */,
				9C3532F81FCB64BD0082A020 /* IncassiVC.swift */,
			);
			path = Incassi;
			sourceTree = "<group>";
		};
		9CAC06921F97DB0400605105 = {
			isa = PBXGroup;
			children = (
				9CAC069D1F97DB0400605105 /* SMb2b */,
				9CAC069C1F97DB0400605105 /* Products */,
				6800AC6DC6B14B6DF292E55B /* Pods */,
				D41191A450E7E01951C722B4 /* Frameworks */,
			);
			sourceTree = "<group>";
		};
		9CAC069C1F97DB0400605105 /* Products */ = {
			isa = PBXGroup;
			children = (
				9CAC069B1F97DB0400605105 /* SMb2b.app */,
			);
			name = Products;
			sourceTree = "<group>";
		};
		9CAC069D1F97DB0400605105 /* SMb2b */ = {
			isa = PBXGroup;
			children = (
				9CAC069E1F97DB0400605105 /* AppDelegate.swift */,
				C9344E391FCC006300B5E6AF /* Varie */,
				9CC66A361FCB2C1700DC6CB0 /* Ordini B2B */,
				9C3532FA1FCB64C90082A020 /* Incassi */,
				9CAC06A21F97DB0400605105 /* Main.storyboard */,
				9CAC06A51F97DB0400605105 /* Assets.xcassets */,
				9CAC06A71F97DB0400605105 /* LaunchScreen.storyboard */,
				9CAC06AA1F97DB0400605105 /* Info.plist */,
				9CAC06B01F97E02900605105 /* DataModel.swift */,
			);
			path = SMb2b;
			sourceTree = "<group>";
		};
		9CC66A361FCB2C1700DC6CB0 /* Ordini B2B */ = {
			isa = PBXGroup;
			children = (
				C96EEB071FB336D900FE07F1 /* TotaleOrdini */,
				C95129A11FB2FDBE00867B00 /* ElencoOrdini */,
				C979DEA61FB33E4900BCD1AB /* RigheOrdine */,
				C98854361FBB600B0080BFD6 /* DettaglioArticolo */,
			);
			path = "Ordini B2B";
			sourceTree = "<group>";
		};
		9CE4F9291F9D48F700C731FB /* TotaliOrdini */ = {
			isa = PBXGroup;
			children = (
				9CE4F9211F9D3FC800C731FB /* TotaleOrdiniCell.xib */,
				9CE4F9231F9D3FF000C731FB /* TotaleOrdiniCell.swift */,
			);
			path = TotaliOrdini;
			sourceTree = "<group>";
		};
		9CE9F0B21FB3985C00A42249 /* celleTabellaGeneriche */ = {
			isa = PBXGroup;
			children = (
				9CE4F9251F9D409800C731FB /* NothingFoundCell.xib */,
				9C24832C1FAAEBA100095605 /* NothingFoundCell.swift */,
				9CE4F9271F9D40A700C731FB /* LoadingCell.xib */,
			);
			path = celleTabellaGeneriche;
			sourceTree = "<group>";
		};
		C9344E391FCC006300B5E6AF /* Varie */ = {
			isa = PBXGroup;
			children = (
				9CE9F0B21FB3985C00A42249 /* celleTabellaGeneriche */,
				9C0B06DF1FAA616500BEABBF /* Calendario */,
			);
			path = Varie;
			sourceTree = "<group>";
		};
		C95129A11FB2FDBE00867B00 /* ElencoOrdini */ = {
			isa = PBXGroup;
			children = (
				C9B1C1A21F9F611D000FAEC7 /* ElencoOrdiniVC.swift */,
				C951299D1FB2FD2E00867B00 /* ElencoOrdiniCell.xib */,
				C951299F1FB2FD6400867B00 /* ElencoOrdiniCell.swift */,
			);
			path = ElencoOrdini;
			sourceTree = "<group>";
		};
		C96EEB071FB336D900FE07F1 /* TotaleOrdini */ = {
			isa = PBXGroup;
			children = (
				C979DEA21FB3382300BCD1AB /* TotaleOrdiniVC.swift */,
				9CE4F9291F9D48F700C731FB /* TotaliOrdini */,
			);
			path = TotaleOrdini;
			sourceTree = "<group>";
		};
		C979DEA61FB33E4900BCD1AB /* RigheOrdine */ = {
			isa = PBXGroup;
			children = (
				C979DEA71FB33E8A00BCD1AB /* RigheOrdineVC.swift */,
				9C8C6B0B1FB39B6E00DC9C4F /* RigheOrdineCell.xib */,
				9C8C6B0D1FB39C3600DC9C4F /* RigheOrdineCell.swift */,
			);
			path = RigheOrdine;
			sourceTree = "<group>";
		};
		C98854361FBB600B0080BFD6 /* DettaglioArticolo */ = {
			isa = PBXGroup;
			children = (
				9C029EDE1FBBAE0F00E84A54 /* DettaglioArticoloVC.swift */,
			);
			path = DettaglioArticolo;
			sourceTree = "<group>";
		};
		D41191A450E7E01951C722B4 /* Frameworks */ = {
			isa = PBXGroup;
			children = (
				D6297F4C43DFE2390076E959 /* Pods_SMb2b.framework */,
			);
			name = Frameworks;
			sourceTree = "<group>";
		};
/* End PBXGroup section */

/* Begin PBXNativeTarget section */
		9CAC069A1F97DB0400605105 /* SMb2b */ = {
			isa = PBXNativeTarget;
			buildConfigurationList = 9CAC06AD1F97DB0400605105 /* Build configuration list for PBXNativeTarget "SMb2b" */;
			buildPhases = (
				9CAC06971F97DB0400605105 /* Sources */,
				9CAC06981F97DB0400605105 /* Frameworks */,
				9CAC06991F97DB0400605105 /* Resources */,
			);
			buildRules = (
			);
			dependencies = (
			);
			name = SMb2b;
			productName = SMb2b;
			productReference = 9CAC069B1F97DB0400605105 /* SMb2b.app */;
			productType = "com.apple.product-type.application";
		};
/* End PBXNativeTarget section */

/* Begin PBXProject section */
		9CAC06931F97DB0400605105 /* Project object */ = {
			isa = PBXProject;
			attributes = {
				LastSwiftUpdateCheck = 0900;
				LastUpgradeCheck = 0900;
				ORGANIZATIONNAME = "Marco Gnecchi";
				TargetAttributes = {
					9CAC069A1F97DB0400605105 = {
						CreatedOnToolsVersion = 9.0;
						ProvisioningStyle = Automatic;
					};
				};
			};
			buildConfigurationList = 9CAC06961F97DB0400605105 /* Build configuration list for PBXProject "SMb2b" */;
			compatibilityVersion = "Xcode 8.0";
			developmentRegion = en;
			hasScannedForEncodings = 0;
			knownRegions = (
				en,
				Base,
			);
			mainGroup = 9CAC06921F97DB0400605105;
			productRefGroup = 9CAC069C1F97DB0400605105 /* Products */;
			projectDirPath = "";
			projectRoot = "";
			targets = (
				9CAC069A1F97DB0400605105 /* SMb2b */,
			);
		};
/* End PBXProject section */

/* Begin PBXResourcesBuildPhase section */
		9CAC06991F97DB0400605105 /* Resources */ = {
			isa = PBXResourcesBuildPhase;
			buildActionMask = 2147483647;
			files = (
				9CAC06A91F97DB0400605105 /* LaunchScreen.storyboard in Resources */,
				9CAC06A61F97DB0400605105 /* Assets.xcassets in Resources */,
				C951299E1FB2FD2E00867B00 /* ElencoOrdiniCell.xib in Resources */,
				9CE4F9281F9D40A700C731FB /* LoadingCell.xib in Resources */,
				9C8C6B0C1FB39B6E00DC9C4F /* RigheOrdineCell.xib in Resources */,
				9CE4F9221F9D3FC800C731FB /* TotaleOrdiniCell.xib in Resources */,
				9CE4F9261F9D409800C731FB /* NothingFoundCell.xib in Resources */,
				9CAC06A41F97DB0400605105 /* Main.storyboard in Resources */,
			);
			runOnlyForDeploymentPostprocessing = 0;
		};
/* End PBXResourcesBuildPhase section */

/* Begin PBXSourcesBuildPhase section */
		9CAC06971F97DB0400605105 /* Sources */ = {
			isa = PBXSourcesBuildPhase;
			buildActionMask = 2147483647;
			files = (
				9CAAD5AB1FD0AA1700EDE129 /* AreeVC.swift in Sources */,
				9C86CDD21FD20289004B1788 /* IncassiSVC.swift in Sources */,
				C9B1C1A31F9F611D000FAEC7 /* ElencoOrdiniVC.swift in Sources */,
				9C3532F91FCB64BD0082A020 /* IncassiVC.swift in Sources */,
				9C029EDF1FBBAE0F00E84A54 /* DettaglioArticoloVC.swift in Sources */,
				9C8C6B0E1FB39C3600DC9C4F /* RigheOrdineCell.swift in Sources */,
				C979DEA31FB3382300BCD1AB /* TotaleOrdiniVC.swift in Sources */,
				9CAC069F1F97DB0400605105 /* AppDelegate.swift in Sources */,
				9CAC06B51F97F06B00605105 /* CalendarDayCell.swift in Sources */,
				9CAC06B11F97E02900605105 /* DataModel.swift in Sources */,
				C9DD75411FA7D5260072E798 /* CalendarMonthCell.swift in Sources */,
				C979DEA81FB33E8A00BCD1AB /* RigheOrdineVC.swift in Sources */,
				9C4501CB1FA64E1300DD563C /* CalendarWeakCell.swift in Sources */,
				9CE4F9241F9D3FF000C731FB /* TotaleOrdiniCell.swift in Sources */,
				C95129A01FB2FD6400867B00 /* ElencoOrdiniCell.swift in Sources */,
				9C24832D1FAAEBA100095605 /* NothingFoundCell.swift in Sources */,
			);
			runOnlyForDeploymentPostprocessing = 0;
		};
/* End PBXSourcesBuildPhase section */

/* Begin PBXVariantGroup section */
		9CAC06A21F97DB0400605105 /* Main.storyboard */ = {
			isa = PBXVariantGroup;
			children = (
				9CAC06A31F97DB0400605105 /* Base */,
			);
			name = Main.storyboard;
			sourceTree = "<group>";
		};
		9CAC06A71F97DB0400605105 /* LaunchScreen.storyboard */ = {
			isa = PBXVariantGroup;
			children = (
				9CAC06A81F97DB0400605105 /* Base */,
			);
			name = LaunchScreen.storyboard;
			sourceTree = "<group>";
		};
/* End PBXVariantGroup section */

/* Begin XCBuildConfiguration section */
		9CAC06AB1F97DB0400605105 /* Debug */ = {
			isa = XCBuildConfiguration;
			buildSettings = {
				ALWAYS_SEARCH_USER_PATHS = NO;
				CLANG_ANALYZER_NONNULL = YES;
				CLANG_ANALYZER_NUMBER_OBJECT_CONVERSION = YES_AGGRESSIVE;
				CLANG_CXX_LANGUAGE_STANDARD = "gnu++14";
				CLANG_CXX_LIBRARY = "libc++";
				CLANG_ENABLE_MODULES = YES;
				CLANG_ENABLE_OBJC_ARC = YES;
				CLANG_WARN_BLOCK_CAPTURE_AUTORELEASING = YES;
				CLANG_WARN_BOOL_CONVERSION = YES;
				CLANG_WARN_COMMA = YES;
				CLANG_WARN_CONSTANT_CONVERSION = YES;
				CLANG_WARN_DIRECT_OBJC_ISA_USAGE = YES_ERROR;
				CLANG_WARN_DOCUMENTATION_COMMENTS = YES;
				CLANG_WARN_EMPTY_BODY = YES;
				CLANG_WARN_ENUM_CONVERSION = YES;
				CLANG_WARN_INFINITE_RECURSION = YES;
				CLANG_WARN_INT_CONVERSION = YES;
				CLANG_WARN_NON_LITERAL_NULL_CONVERSION = YES;
				CLANG_WARN_OBJC_LITERAL_CONVERSION = YES;
				CLANG_WARN_OBJC_ROOT_CLASS = YES_ERROR;
				CLANG_WARN_RANGE_LOOP_ANALYSIS = YES;
				CLANG_WARN_STRICT_PROTOTYPES = YES;
				CLANG_WARN_SUSPICIOUS_MOVE = YES;
				CLANG_WARN_UNGUARDED_AVAILABILITY = YES_AGGRESSIVE;
				CLANG_WARN_UNREACHABLE_CODE = YES;
				CLANG_WARN__DUPLICATE_METHOD_MATCH = YES;
				CODE_SIGN_IDENTITY = "iPhone Developer";
				COPY_PHASE_STRIP = NO;
				DEBUG_INFORMATION_FORMAT = dwarf;
				ENABLE_STRICT_OBJC_MSGSEND = YES;
				ENABLE_TESTABILITY = YES;
				GCC_C_LANGUAGE_STANDARD = gnu11;
				GCC_DYNAMIC_NO_PIC = NO;
				GCC_NO_COMMON_BLOCKS = YES;
				GCC_OPTIMIZATION_LEVEL = 0;
				GCC_PREPROCESSOR_DEFINITIONS = (
					"DEBUG=1",
					"$(inherited)",
				);
				GCC_WARN_64_TO_32_BIT_CONVERSION = YES;
				GCC_WARN_ABOUT_RETURN_TYPE = YES_ERROR;
				GCC_WARN_UNDECLARED_SELECTOR = YES;
				GCC_WARN_UNINITIALIZED_AUTOS = YES_AGGRESSIVE;
				GCC_WARN_UNUSED_FUNCTION = YES;
				GCC_WARN_UNUSED_VARIABLE = YES;
				IPHONEOS_DEPLOYMENT_TARGET = 11.0;
				MTL_ENABLE_DEBUG_INFO = YES;
				ONLY_ACTIVE_ARCH = YES;
				SDKROOT = iphoneos;
				SWIFT_ACTIVE_COMPILATION_CONDITIONS = DEBUG;
				SWIFT_OPTIMIZATION_LEVEL = "-Onone";
			};
			name = Debug;
		};
		9CAC06AE1F97DB0400605105 /* Debug */ = {
			isa = XCBuildConfiguration;
			baseConfigurationReference = 259065E4E79269F2DF2CD09E /* Pods-SMb2b.debug.xcconfig */;
			buildSettings = {
				ASSETCATALOG_COMPILER_APPICON_NAME = AppIcon;
				CODE_SIGN_STYLE = Automatic;
				DEVELOPMENT_TEAM = S6M6F22N6X;
				INFOPLIST_FILE = SMb2b/Info.plist;
				IPHONEOS_DEPLOYMENT_TARGET = 11.0;
				LD_RUNPATH_SEARCH_PATHS = "$(inherited) @executable_path/Frameworks";
				PRODUCT_BUNDLE_IDENTIFIER = com.if65.SMb2b;
				PRODUCT_NAME = "$(TARGET_NAME)";
				SWIFT_VERSION = 4.0;
				TARGETED_DEVICE_FAMILY = "1,2";
			};
			name = Debug;
		};
/* End XCBuildConfiguration section */

/* Begin XCConfigurationList section */
		9CAC06961F97DB0400605105 /* Build configuration list for PBXProject "SMb2b" */ = {
			isa = XCConfigurationList;
			buildConfigurations = (
				9CAC06AB1F97DB0400605105 /* Debug */,
			);
			defaultConfigurationIsVisible = 0;
			defaultConfigurationName = Debug;
		};
		9CAC06AD1F97DB0400605105 /* Build configuration list for PBXNativeTarget "SMb2b" */ = {
			isa = XCConfigurationList;
			buildConfigurations = (
				9CAC06AE1F97DB0400605105 /* Debug */,
			);
			defaultConfigurationIsVisible = 0;
			defaultConfigurationName = Debug;
		};
/* End XCConfigurationList section */
	};
	rootObject = 9CAC06931F97DB0400605105 /* Project object */;
}
