// !$*UTF8*$!
{
	archiveVersion = 1;
	classes = {
	};
	objectVersion = 48;
	objects = {

/* Begin PBXBuildFile section */
		9CAC069F1F97DB0400605105 /* AppDelegate.swift in Sources */ = {isa = PBXBuildFile; fileRef = 9CAC069E1F97DB0400605105 /* AppDelegate.swift */; };
		9CAC06A11F97DB0400605105 /* ViewController.swift in Sources */ = {isa = PBXBuildFile; fileRef = 9CAC06A01F97DB0400605105 /* ViewController.swift */; };
		9CAC06A41F97DB0400605105 /* Main.storyboard in Resources */ = {isa = PBXBuildFile; fileRef = 9CAC06A21F97DB0400605105 /* Main.storyboard */; };
		9CAC06A61F97DB0400605105 /* Assets.xcassets in Resources */ = {isa = PBXBuildFile; fileRef = 9CAC06A51F97DB0400605105 /* Assets.xcassets */; };
		9CAC06A91F97DB0400605105 /* LaunchScreen.storyboard in Resources */ = {isa = PBXBuildFile; fileRef = 9CAC06A71F97DB0400605105 /* LaunchScreen.storyboard */; };
		9CAC06B11F97E02900605105 /* DataModel.swift in Sources */ = {isa = PBXBuildFile; fileRef = 9CAC06B01F97E02900605105 /* DataModel.swift */; };
		9CAC06B51F97F06B00605105 /* CollectionViewCell.swift in Sources */ = {isa = PBXBuildFile; fileRef = 9CAC06B41F97F06B00605105 /* CollectionViewCell.swift */; };
		9CE4F9221F9D3FC800C731FB /* SearchResultCell.xib in Resources */ = {isa = PBXBuildFile; fileRef = 9CE4F9211F9D3FC800C731FB /* SearchResultCell.xib */; };
		9CE4F9241F9D3FF000C731FB /* SearchResultCell.swift in Sources */ = {isa = PBXBuildFile; fileRef = 9CE4F9231F9D3FF000C731FB /* SearchResultCell.swift */; };
		9CE4F9261F9D409800C731FB /* NothingFoundCell.xib in Resources */ = {isa = PBXBuildFile; fileRef = 9CE4F9251F9D409800C731FB /* NothingFoundCell.xib */; };
		9CE4F9281F9D40A700C731FB /* LoadingCell.xib in Resources */ = {isa = PBXBuildFile; fileRef = 9CE4F9271F9D40A700C731FB /* LoadingCell.xib */; };
/* End PBXBuildFile section */

/* Begin PBXFileReference section */
		9CAC069B1F97DB0400605105 /* SMb2b.app */ = {isa = PBXFileReference; explicitFileType = wrapper.application; includeInIndex = 0; path = SMb2b.app; sourceTree = BUILT_PRODUCTS_DIR; };
		9CAC069E1F97DB0400605105 /* AppDelegate.swift */ = {isa = PBXFileReference; lastKnownFileType = sourcecode.swift; path = AppDelegate.swift; sourceTree = "<group>"; };
		9CAC06A01F97DB0400605105 /* ViewController.swift */ = {isa = PBXFileReference; lastKnownFileType = sourcecode.swift; path = ViewController.swift; sourceTree = "<group>"; };
		9CAC06A31F97DB0400605105 /* Base */ = {isa = PBXFileReference; lastKnownFileType = file.storyboard; name = Base; path = Base.lproj/Main.storyboard; sourceTree = "<group>"; };
		9CAC06A51F97DB0400605105 /* Assets.xcassets */ = {isa = PBXFileReference; lastKnownFileType = folder.assetcatalog; path = Assets.xcassets; sourceTree = "<group>"; };
		9CAC06A81F97DB0400605105 /* Base */ = {isa = PBXFileReference; lastKnownFileType = file.storyboard; name = Base; path = Base.lproj/LaunchScreen.storyboard; sourceTree = "<group>"; };
		9CAC06AA1F97DB0400605105 /* Info.plist */ = {isa = PBXFileReference; lastKnownFileType = text.plist.xml; path = Info.plist; sourceTree = "<group>"; };
		9CAC06B01F97E02900605105 /* DataModel.swift */ = {isa = PBXFileReference; lastKnownFileType = sourcecode.swift; path = DataModel.swift; sourceTree = "<group>"; };
		9CAC06B41F97F06B00605105 /* CollectionViewCell.swift */ = {isa = PBXFileReference; lastKnownFileType = sourcecode.swift; path = CollectionViewCell.swift; sourceTree = "<group>"; };
		9CE4F9211F9D3FC800C731FB /* SearchResultCell.xib */ = {isa = PBXFileReference; fileEncoding = 4; lastKnownFileType = file.xib; path = SearchResultCell.xib; sourceTree = "<group>"; };
		9CE4F9231F9D3FF000C731FB /* SearchResultCell.swift */ = {isa = PBXFileReference; fileEncoding = 4; lastKnownFileType = sourcecode.swift; path = SearchResultCell.swift; sourceTree = "<group>"; };
		9CE4F9251F9D409800C731FB /* NothingFoundCell.xib */ = {isa = PBXFileReference; fileEncoding = 4; lastKnownFileType = file.xib; path = NothingFoundCell.xib; sourceTree = "<group>"; };
		9CE4F9271F9D40A700C731FB /* LoadingCell.xib */ = {isa = PBXFileReference; fileEncoding = 4; lastKnownFileType = file.xib; path = LoadingCell.xib; sourceTree = "<group>"; };
/* End PBXFileReference section */

/* Begin PBXFrameworksBuildPhase section */
		9CAC06981F97DB0400605105 /* Frameworks */ = {
			isa = PBXFrameworksBuildPhase;
			buildActionMask = 2147483647;
			files = (
			);
			runOnlyForDeploymentPostprocessing = 0;
		};
/* End PBXFrameworksBuildPhase section */

/* Begin PBXGroup section */
		9CAC06921F97DB0400605105 = {
			isa = PBXGroup;
			children = (
				9CAC069D1F97DB0400605105 /* SMb2b */,
				9CAC069C1F97DB0400605105 /* Products */,
			);
			sourceTree = "<group>";
		};
		9CAC069C1F97DB0400605105 /* Products */ = {
			isa = PBXGroup;
			children = (
				9CAC069B1F97DB0400605105 /* SMb2b.app */,
			);
			name = Products;
			sourceTree = "<group>";
		};
		9CAC069D1F97DB0400605105 /* SMb2b */ = {
			isa = PBXGroup;
			children = (
				9CAC069E1F97DB0400605105 /* AppDelegate.swift */,
				9CAC06A01F97DB0400605105 /* ViewController.swift */,
				9CAC06B41F97F06B00605105 /* CollectionViewCell.swift */,
				9CE4F9211F9D3FC800C731FB /* SearchResultCell.xib */,
				9CE4F9231F9D3FF000C731FB /* SearchResultCell.swift */,
				9CE4F9251F9D409800C731FB /* NothingFoundCell.xib */,
				9CE4F9271F9D40A700C731FB /* LoadingCell.xib */,
				9CAC06A21F97DB0400605105 /* Main.storyboard */,
				9CAC06A51F97DB0400605105 /* Assets.xcassets */,
				9CAC06A71F97DB0400605105 /* LaunchScreen.storyboard */,
				9CAC06AA1F97DB0400605105 /* Info.plist */,
				9CAC06B01F97E02900605105 /* DataModel.swift */,
			);
			path = SMb2b;
			sourceTree = "<group>";
		};
/* End PBXGroup section */

/* Begin PBXNativeTarget section */
		9CAC069A1F97DB0400605105 /* SMb2b */ = {
			isa = PBXNativeTarget;
			buildConfigurationList = 9CAC06AD1F97DB0400605105 /* Build configuration list for PBXNativeTarget "SMb2b" */;
			buildPhases = (
				9CAC06971F97DB0400605105 /* Sources */,
				9CAC06981F97DB0400605105 /* Frameworks */,
				9CAC06991F97DB0400605105 /* Resources */,
			);
			buildRules = (
			);
			dependencies = (
			);
			name = SMb2b;
			productName = SMb2b;
			productReference = 9CAC069B1F97DB0400605105 /* SMb2b.app */;
			productType = "com.apple.product-type.application";
		};
/* End PBXNativeTarget section */

/* Begin PBXProject section */
		9CAC06931F97DB0400605105 /* Project object */ = {
			isa = PBXProject;
			attributes = {
				LastSwiftUpdateCheck = 0900;
				LastUpgradeCheck = 0900;
				ORGANIZATIONNAME = "Marco Gnecchi";
				TargetAttributes = {
					9CAC069A1F97DB0400605105 = {
						CreatedOnToolsVersion = 9.0;
						ProvisioningStyle = Automatic;
					};
				};
			};
			buildConfigurationList = 9CAC06961F97DB0400605105 /* Build configuration list for PBXProject "SMb2b" */;
			compatibilityVersion = "Xcode 8.0";
			developmentRegion = en;
			hasScannedForEncodings = 0;
			knownRegions = (
				en,
				Base,
			);
			mainGroup = 9CAC06921F97DB0400605105;
			productRefGroup = 9CAC069C1F97DB0400605105 /* Products */;
			projectDirPath = "";
			projectRoot = "";
			targets = (
				9CAC069A1F97DB0400605105 /* SMb2b */,
			);
		};
/* End PBXProject section */

/* Begin PBXResourcesBuildPhase section */
		9CAC06991F97DB0400605105 /* Resources */ = {
			isa = PBXResourcesBuildPhase;
			buildActionMask = 2147483647;
			files = (
				9CAC06A91F97DB0400605105 /* LaunchScreen.storyboard in Resources */,
				9CAC06A61F97DB0400605105 /* Assets.xcassets in Resources */,
				9CE4F9281F9D40A700C731FB /* LoadingCell.xib in Resources */,
				9CE4F9221F9D3FC800C731FB /* SearchResultCell.xib in Resources */,
				9CE4F9261F9D409800C731FB /* NothingFoundCell.xib in Resources */,
				9CAC06A41F97DB0400605105 /* Main.storyboard in Resources */,
			);
			runOnlyForDeploymentPostprocessing = 0;
		};
/* End PBXResourcesBuildPhase section */

/* Begin PBXSourcesBuildPhase section */
		9CAC06971F97DB0400605105 /* Sources */ = {
			isa = PBXSourcesBuildPhase;
			buildActionMask = 2147483647;
			files = (
				9CAC06A11F97DB0400605105 /* ViewController.swift in Sources */,
				9CAC069F1F97DB0400605105 /* AppDelegate.swift in Sources */,
				9CAC06B51F97F06B00605105 /* CollectionViewCell.swift in Sources */,
				9CAC06B11F97E02900605105 /* DataModel.swift in Sources */,
				9CE4F9241F9D3FF000C731FB /* SearchResultCell.swift in Sources */,
			);
			runOnlyForDeploymentPostprocessing = 0;
		};
/* End PBXSourcesBuildPhase section */

/* Begin PBXVariantGroup section */
		9CAC06A21F97DB0400605105 /* Main.storyboard */ = {
			isa = PBXVariantGroup;
			children = (
				9CAC06A31F97DB0400605105 /* Base */,
			);
			name = Main.storyboard;
			sourceTree = "<group>";
		};
		9CAC06A71F97DB0400605105 /* LaunchScreen.storyboard */ = {
			isa = PBXVariantGroup;
			children = (
				9CAC06A81F97DB0400605105 /* Base */,
			);
			name = LaunchScreen.storyboard;
			sourceTree = "<group>";
		};
/* End PBXVariantGroup section */

/* Begin XCBuildConfiguration section */
		9CAC06AB1F97DB0400605105 /* Debug */ = {
			isa = XCBuildConfiguration;
			buildSettings = {
				ALWAYS_SEARCH_USER_PATHS = NO;
				CLANG_ANALYZER_NONNULL = YES;
				CLANG_ANALYZER_NUMBER_OBJECT_CONVERSION = YES_AGGRESSIVE;
				CLANG_CXX_LANGUAGE_STANDARD = "gnu++14";
				CLANG_CXX_LIBRARY = "libc++";
				CLANG_ENABLE_MODULES = YES;
				CLANG_ENABLE_OBJC_ARC = YES;
				CLANG_WARN_BLOCK_CAPTURE_AUTORELEASING = YES;
				CLANG_WARN_BOOL_CONVERSION = YES;
				CLANG_WARN_COMMA = YES;
				CLANG_WARN_CONSTANT_CONVERSION = YES;
				CLANG_WARN_DIRECT_OBJC_ISA_USAGE = YES_ERROR;
				CLANG_WARN_DOCUMENTATION_COMMENTS = YES;
				CLANG_WARN_EMPTY_BODY = YES;
				CLANG_WARN_ENUM_CONVERSION = YES;
				CLANG_WARN_INFINITE_RECURSION = YES;
				CLANG_WARN_INT_CONVERSION = YES;
				CLANG_WARN_NON_LITERAL_NULL_CONVERSION = YES;
				CLANG_WARN_OBJC_LITERAL_CONVERSION = YES;
				CLANG_WARN_OBJC_ROOT_CLASS = YES_ERROR;
				CLANG_WARN_RANGE_LOOP_ANALYSIS = YES;
				CLANG_WARN_STRICT_PROTOTYPES = YES;
				CLANG_WARN_SUSPICIOUS_MOVE = YES;
				CLANG_WARN_UNGUARDED_AVAILABILITY = YES_AGGRESSIVE;
				CLANG_WARN_UNREACHABLE_CODE = YES;
				CLANG_WARN__DUPLICATE_METHOD_MATCH = YES;
				CODE_SIGN_IDENTITY = "iPhone Developer";
				COPY_PHASE_STRIP = NO;
				DEBUG_INFORMATION_FORMAT = dwarf;
				ENABLE_STRICT_OBJC_MSGSEND = YES;
				ENABLE_TESTABILITY = YES;
				GCC_C_LANGUAGE_STANDARD = gnu11;
				GCC_DYNAMIC_NO_PIC = NO;
				GCC_NO_COMMON_BLOCKS = YES;
				GCC_OPTIMIZATION_LEVEL = 0;
				GCC_PREPROCESSOR_DEFINITIONS = (
					"DEBUG=1",
					"$(inherited)",
				);
				GCC_WARN_64_TO_32_BIT_CONVERSION = YES;
				GCC_WARN_ABOUT_RETURN_TYPE = YES_ERROR;
				GCC_WARN_UNDECLARED_SELECTOR = YES;
				GCC_WARN_UNINITIALIZED_AUTOS = YES_AGGRESSIVE;
				GCC_WARN_UNUSED_FUNCTION = YES;
				GCC_WARN_UNUSED_VARIABLE = YES;
				IPHONEOS_DEPLOYMENT_TARGET = 11.0;
				MTL_ENABLE_DEBUG_INFO = YES;
				ONLY_ACTIVE_ARCH = YES;
				SDKROOT = iphoneos;
				SWIFT_ACTIVE_COMPILATION_CONDITIONS = DEBUG;
				SWIFT_OPTIMIZATION_LEVEL = "-Onone";
			};
			name = Debug;
		};
		9CAC06AC1F97DB0400605105 /* Release */ = {
			isa = XCBuildConfiguration;
			buildSettings = {
				ALWAYS_SEARCH_USER_PATHS = NO;
				CLANG_ANALYZER_NONNULL = YES;
				CLANG_ANALYZER_NUMBER_OBJECT_CONVERSION = YES_AGGRESSIVE;
				CLANG_CXX_LANGUAGE_STANDARD = "gnu++14";
				CLANG_CXX_LIBRARY = "libc++";
				CLANG_ENABLE_MODULES = YES;
				CLANG_ENABLE_OBJC_ARC = YES;
				CLANG_WARN_BLOCK_CAPTURE_AUTORELEASING = YES;
				CLANG_WARN_BOOL_CONVERSION = YES;
				CLANG_WARN_COMMA = YES;
				CLANG_WARN_CONSTANT_CONVERSION = YES;
				CLANG_WARN_DIRECT_OBJC_ISA_USAGE = YES_ERROR;
				CLANG_WARN_DOCUMENTATION_COMMENTS = YES;
				CLANG_WARN_EMPTY_BODY = YES;
				CLANG_WARN_ENUM_CONVERSION = YES;
				CLANG_WARN_INFINITE_RECURSION = YES;
				CLANG_WARN_INT_CONVERSION = YES;
				CLANG_WARN_NON_LITERAL_NULL_CONVERSION = YES;
				CLANG_WARN_OBJC_LITERAL_CONVERSION = YES;
				CLANG_WARN_OBJC_ROOT_CLASS = YES_ERROR;
				CLANG_WARN_RANGE_LOOP_ANALYSIS = YES;
				CLANG_WARN_STRICT_PROTOTYPES = YES;
				CLANG_WARN_SUSPICIOUS_MOVE = YES;
				CLANG_WARN_UNGUARDED_AVAILABILITY = YES_AGGRESSIVE;
				CLANG_WARN_UNREACHABLE_CODE = YES;
				CLANG_WARN__DUPLICATE_METHOD_MATCH = YES;
				CODE_SIGN_IDENTITY = "iPhone Developer";
				COPY_PHASE_STRIP = NO;
				DEBUG_INFORMATION_FORMAT = "dwarf-with-dsym";
				ENABLE_NS_ASSERTIONS = NO;
				ENABLE_STRICT_OBJC_MSGSEND = YES;
				GCC_C_LANGUAGE_STANDARD = gnu11;
				GCC_NO_COMMON_BLOCKS = YES;
				GCC_WARN_64_TO_32_BIT_CONVERSION = YES;
				GCC_WARN_ABOUT_RETURN_TYPE = YES_ERROR;
				GCC_WARN_UNDECLARED_SELECTOR = YES;
				GCC_WARN_UNINITIALIZED_AUTOS = YES_AGGRESSIVE;
				GCC_WARN_UNUSED_FUNCTION = YES;
				GCC_WARN_UNUSED_VARIABLE = YES;
				IPHONEOS_DEPLOYMENT_TARGET = 11.0;
				MTL_ENABLE_DEBUG_INFO = NO;
				SDKROOT = iphoneos;
				SWIFT_OPTIMIZATION_LEVEL = "-Owholemodule";
				VALIDATE_PRODUCT = YES;
			};
			name = Release;
		};
		9CAC06AE1F97DB0400605105 /* Debug */ = {
			isa = XCBuildConfiguration;
			buildSettings = {
				ASSETCATALOG_COMPILER_APPICON_NAME = AppIcon;
				CODE_SIGN_STYLE = Automatic;
				DEVELOPMENT_TEAM = S6M6F22N6X;
				INFOPLIST_FILE = SMb2b/Info.plist;
				LD_RUNPATH_SEARCH_PATHS = "$(inherited) @executable_path/Frameworks";
				PRODUCT_BUNDLE_IDENTIFIER = com.if65.SMb2b;
				PRODUCT_NAME = "$(TARGET_NAME)";
				SWIFT_VERSION = 4.0;
				TARGETED_DEVICE_FAMILY = "1,2";
			};
			name = Debug;
		};
		9CAC06AF1F97DB0400605105 /* Release */ = {
			isa = XCBuildConfiguration;
			buildSettings = {
				ASSETCATALOG_COMPILER_APPICON_NAME = AppIcon;
				CODE_SIGN_STYLE = Automatic;
				DEVELOPMENT_TEAM = S6M6F22N6X;
				INFOPLIST_FILE = SMb2b/Info.plist;
				LD_RUNPATH_SEARCH_PATHS = "$(inherited) @executable_path/Frameworks";
				PRODUCT_BUNDLE_IDENTIFIER = com.if65.SMb2b;
				PRODUCT_NAME = "$(TARGET_NAME)";
				SWIFT_VERSION = 4.0;
				TARGETED_DEVICE_FAMILY = "1,2";
			};
			name = Release;
		};
/* End XCBuildConfiguration section */

/* Begin XCConfigurationList section */
		9CAC06961F97DB0400605105 /* Build configuration list for PBXProject "SMb2b" */ = {
			isa = XCConfigurationList;
			buildConfigurations = (
				9CAC06AB1F97DB0400605105 /* Debug */,
				9CAC06AC1F97DB0400605105 /* Release */,
			);
			defaultConfigurationIsVisible = 0;
			defaultConfigurationName = Release;
		};
		9CAC06AD1F97DB0400605105 /* Build configuration list for PBXNativeTarget "SMb2b" */ = {
			isa = XCConfigurationList;
			buildConfigurations = (
				9CAC06AE1F97DB0400605105 /* Debug */,
				9CAC06AF1F97DB0400605105 /* Release */,
			);
			defaultConfigurationIsVisible = 0;
			defaultConfigurationName = Release;
		};
/* End XCConfigurationList section */
	};
	rootObject = 9CAC06931F97DB0400605105 /* Project object */;
}
